{
  "name": "config_generator",
  "version": "1.0.0",
  "lockfileVersion": 3,
  "requires": true,
  "packages": {
    "": {
      "name": "config_generator",
      "version": "1.0.0",
      "license": "ISC",
      "dependencies": {
        "@circleci/circleci-config-sdk": "^0.12.3"
      }
    },
    "node_modules/@circleci/circleci-config-sdk": {
      "version": "0.12.3",
      "resolved": "https://registry.npmjs.org/@circleci/circleci-config-sdk/-/circleci-config-sdk-0.12.3.tgz",
      "integrity": "sha512-YGDbD1BxD4zV3EBpts33POxvNrZU46prJh965sS+p3kkGqMCnVBs7UpoB+qDICTJZh6s5AA364ajUnjQIOzS9g==",
      "dependencies": {
        "browser-or-node": "^2.0.0",
        "yaml": "2.1.3"
      }
    },
    "node_modules/browser-or-node": {
      "version": "2.1.1",
      "resolved": "https://registry.npmjs.org/browser-or-node/-/browser-or-node-2.1.1.tgz",
      "integrity": "sha512-8CVjaLJGuSKMVTxJ2DpBl5XnlNDiT4cQFeuCJJrvJmts9YrTZDizTX7PjC2s6W4x+MBGZeEY6dGMrF04/6Hgqg=="
    },
    "node_modules/yaml": {
      "version": "2.1.3",
      "resolved": "https://registry.npmjs.org/yaml/-/yaml-2.1.3.tgz",
      "integrity": "sha512-AacA8nRULjKMX2DvWvOAdBZMOfQlypSFkjcOcu9FalllIDJ1kvlREzcdIZmidQUqqeMv7jorHjq2HlLv/+c2lg==",
      "engines": {
        "node": ">= 14"
      }
    }
  }
}
